apiVersion: cube-idp.dev/v1alpha1
engine:
  type: flux
kind: CubeLock
packs:
- images:
  - docker.io/traefik:v3.7.6
  name: traefik
  ref: /Users/rafal.pieniazek/Library/CloudStorage/Dropbox/github.com/rafpe/neocube/packs/traefik
  renderedHash: sha256:3826f10a083a03a8a14ba85f4f08ef30fe0740b0e065b0b7ffc9352c046279dc
  resolved: dir:h1:6EcckDQ3dTq9Wy1pj8D26FZ7yl0lRssxKIt+S4iTqo4=
  version: 0.1.0
- images:
  - docker.gitea.com/gitea:1.26.1-rootless
  name: gitea
  ref: /Users/rafal.pieniazek/Library/CloudStorage/Dropbox/github.com/rafpe/neocube/packs/gitea
  renderedHash: sha256:431df07899ce9fa0be380838263fca90c7d16c18f78b8ac020d6bd048bb48976
  resolved: dir:h1:3ABsLog7SYr+Qup3eTaulRRrmi/t50VpVe6FETt1hiI=
  version: 0.1.0
- images:
  - ghcr.io/dexidp/dex:v2.45.0
  - public.ecr.aws/docker/library/redis:8.2.3-alpine
  - quay.io/argoproj/argocd:v3.4.5
  name: argocd
  ref: /Users/rafal.pieniazek/Library/CloudStorage/Dropbox/github.com/rafpe/neocube/packs/argocd
  renderedHash: sha256:7f28e03d3143e7d9486800317dcfdb9c6066419f1b644b91ffc2959ba03df6d4
  resolved: dir:h1:hhPkSG50TuBIs/jFd2sReolg+dYQWD6Xhk93uC0RJXQ=
  version: 0.1.0
